
Microsoft Visual Studio Solution File, Format Version 12.00
# Visual Studio 15
VisualStudioVersion = 15.0.27004.2009
MinimumVisualStudioVersion = 10.0.40219.1
Project("{FAE04EC0-301F-11D3-BF4B-00C04F79EFBC}") = "Ackermann-Steering", "Scripts\Ackermann-Steering\Ackermann-Steering.csproj", "{7C33E0EF-4F54-42E2-A4F9-D9B6592AA315}"
EndProject
Global
	GlobalSection(SolutionConfigurationPlatforms) = preSolution
		Debug|x64 = Debug|x64
	EndGlobalSection
	GlobalSection(ProjectConfigurationPlatforms) = postSolution
		{7C33E0EF-4F54-42E2-A4F9-D9B6592AA315}.Debug|x64.ActiveCfg = Debug|x64
		{7C33E0EF-4F54-42E2-A4F9-D9B6592AA315}.Debug|x64.Build.0 = Debug|x64
	EndGlobalSection
	GlobalSection(SolutionProperties) = preSolution
		HideSolutionNode = FALSE
	EndGlobalSection
	GlobalSection(ExtensibilityGlobals) = postSolution
		SolutionGuid = {DD21DD53-5871-41EC-8ABC-F77D39E5ABAF}
	EndGlobalSection
EndGlobal
