
Microsoft Visual Studio Solution File, Format Version 12.00
# Visual Studio 15
VisualStudioVersion = 15.0.27004.2009
MinimumVisualStudioVersion = 10.0.40219.1
Project("{FAE04EC0-301F-11D3-BF4B-00C04F79EFBC}") = "MinerShip", "Scripts\MinerShip\MinerShip.csproj", "{81E47C39-106A-4B63-8E4C-8F693BA3D6DA}"
EndProject
Project("{D954291E-2A0B-460D-934E-DC6B0785DB48}") = "_Library - Common", "Libraries\Common\_Library - Common.shproj", "{C96CFE92-41D3-47DF-8A4A-C17A71C8E459}"
EndProject
Project("{D954291E-2A0B-460D-934E-DC6B0785DB48}") = "_Module - Ship Dock-Secure", "Modules\Ship Dock-Secure\_Module - Ship Dock-Secure.shproj", "{A55A9841-6A1A-4C62-937F-E2B471E894ED}"
EndProject
Project("{D954291E-2A0B-460D-934E-DC6B0785DB48}") = "_Module - Custom Data Config", "Modules\Custom Data Config\_Module - Custom Data Config.shproj", "{DD940528-1A03-4AB3-9504-3AA93571E5EC}"
EndProject
Project("{D954291E-2A0B-460D-934E-DC6B0785DB48}") = "_Module - Proximity", "Modules\Proximity\_Module - Proximity.shproj", "{86D47374-54D9-46F5-9FD4-FB21E53A1291}"
EndProject
Project("{D954291E-2A0B-460D-934E-DC6B0785DB48}") = "_Helper - Block Orientation Predicate", "Libraries\Block Orientation Predicate\_Helper - Block Orientation Predicate.shproj", "{EED1E4AC-D5CA-447A-BF3C-34C0E9B961FE}"
EndProject
Project("{D954291E-2A0B-460D-934E-DC6B0785DB48}") = "_Helper - LCDs", "Libraries\LCDs\_Helper - LCDs.shproj", "{EC64A080-A572-41F9-A535-6152D0A647F3}"
EndProject
Project("{D954291E-2A0B-460D-934E-DC6B0785DB48}") = "_Module - Running Symbol", "Modules\Running Symbol\_Module - Running Symbol.shproj", "{E8D8CEE9-6E84-4124-8A02-FB2B7BB494F4}"
EndProject
Project("{D954291E-2A0B-460D-934E-DC6B0785DB48}") = "_Helper - Connectors", "Libraries\Connectors\_Helper - Connectors.shproj", "{5401FCB1-DDDD-4AB5-B78D-0C3AE14D202C}"
EndProject
Project("{D954291E-2A0B-460D-934E-DC6B0785DB48}") = "_Helper - Landing Gears", "Libraries\Landing Gears\_Helper - Landing Gears.shproj", "{2AC28B0A-1F4D-4423-B244-64FBF8A94354}"
EndProject
Project("{D954291E-2A0B-460D-934E-DC6B0785DB48}") = "_Helper - Direction", "Libraries\Direction\_Helper - Direction.shproj", "{7E912F4A-7C61-4AEA-82E1-259FE4357B0B}"
EndProject
Project("{D954291E-2A0B-460D-934E-DC6B0785DB48}") = "_Module - Time Interval", "Modules\Time Interval\_Module - Time Interval.shproj", "{243C42A9-6084-40C4-A1C4-5D0D61A5F1E1}"
EndProject
Global
	GlobalSection(SharedMSBuildProjectFiles) = preSolution
		Modules\Time Interval\_Module - Time Interval.projitems*{243c42a9-6084-40c4-a1c4-5d0d61a5f1e1}*SharedItemsImports = 13
		Libraries\Landing Gears\_Helper - Landing Gears.projitems*{2ac28b0a-1f4d-4423-b244-64fbf8a94354}*SharedItemsImports = 13
		Libraries\Connectors\_Helper - Connectors.projitems*{5401fcb1-dddd-4ab5-b78d-0c3ae14d202c}*SharedItemsImports = 13
		Libraries\Direction\_Helper - Direction.projitems*{7e912f4a-7c61-4aea-82e1-259fe4357b0b}*SharedItemsImports = 13
		Libraries\Block Orientation Predicate\_Helper - Block Orientation Predicate.projitems*{81e47c39-106a-4b63-8e4c-8f693ba3d6da}*SharedItemsImports = 4
		Libraries\Common\_Library - Common.projitems*{81e47c39-106a-4b63-8e4c-8f693ba3d6da}*SharedItemsImports = 4
		Libraries\Connectors\_Helper - Connectors.projitems*{81e47c39-106a-4b63-8e4c-8f693ba3d6da}*SharedItemsImports = 4
		Libraries\Direction\_Helper - Direction.projitems*{81e47c39-106a-4b63-8e4c-8f693ba3d6da}*SharedItemsImports = 4
		Libraries\Landing Gears\_Helper - Landing Gears.projitems*{81e47c39-106a-4b63-8e4c-8f693ba3d6da}*SharedItemsImports = 4
		Libraries\LCDs\_Helper - LCDs.projitems*{81e47c39-106a-4b63-8e4c-8f693ba3d6da}*SharedItemsImports = 4
		Modules\Custom Data Config\_Module - Custom Data Config.projitems*{81e47c39-106a-4b63-8e4c-8f693ba3d6da}*SharedItemsImports = 4
		Modules\Proximity\_Module - Proximity.projitems*{81e47c39-106a-4b63-8e4c-8f693ba3d6da}*SharedItemsImports = 4
		Modules\Running Symbol\_Module - Running Symbol.projitems*{81e47c39-106a-4b63-8e4c-8f693ba3d6da}*SharedItemsImports = 4
		Modules\Ship Dock-Secure\_Module - Ship Dock-Secure.projitems*{81e47c39-106a-4b63-8e4c-8f693ba3d6da}*SharedItemsImports = 4
		Modules\Time Interval\_Module - Time Interval.projitems*{81e47c39-106a-4b63-8e4c-8f693ba3d6da}*SharedItemsImports = 4
		Modules\Proximity\_Module - Proximity.projitems*{86d47374-54d9-46f5-9fd4-fb21e53a1291}*SharedItemsImports = 13
		Modules\Ship Dock-Secure\_Module - Ship Dock-Secure.projitems*{a55a9841-6a1a-4c62-937f-e2b471e894ed}*SharedItemsImports = 13
		Libraries\Common\_Library - Common.projitems*{c96cfe92-41d3-47df-8a4a-c17a71c8e459}*SharedItemsImports = 13
		Modules\Custom Data Config\_Module - Custom Data Config.projitems*{dd940528-1a03-4ab3-9504-3aa93571e5ec}*SharedItemsImports = 13
		Modules\Running Symbol\_Module - Running Symbol.projitems*{e8d8cee9-6e84-4124-8a02-fb2b7bb494f4}*SharedItemsImports = 13
		Libraries\LCDs\_Helper - LCDs.projitems*{ec64a080-a572-41f9-a535-6152d0a647f3}*SharedItemsImports = 13
		Libraries\Block Orientation Predicate\_Helper - Block Orientation Predicate.projitems*{eed1e4ac-d5ca-447a-bf3c-34c0e9b961fe}*SharedItemsImports = 13
	EndGlobalSection
	GlobalSection(SolutionConfigurationPlatforms) = preSolution
		Debug|x64 = Debug|x64
	EndGlobalSection
	GlobalSection(ProjectConfigurationPlatforms) = postSolution
		{81E47C39-106A-4B63-8E4C-8F693BA3D6DA}.Debug|x64.ActiveCfg = Debug|x64
		{81E47C39-106A-4B63-8E4C-8F693BA3D6DA}.Debug|x64.Build.0 = Debug|x64
	EndGlobalSection
	GlobalSection(SolutionProperties) = preSolution
		HideSolutionNode = FALSE
	EndGlobalSection
	GlobalSection(ExtensibilityGlobals) = postSolution
		SolutionGuid = {CF03EE52-4079-4F7C-BDEE-19B825BE1C49}
	EndGlobalSection
EndGlobal
