
Microsoft Visual Studio Solution File, Format Version 12.00
# Visual Studio 15
VisualStudioVersion = 15.0.27004.2009
MinimumVisualStudioVersion = 10.0.40219.1
Project("{FAE04EC0-301F-11D3-BF4B-00C04F79EFBC}") = "Launch Center", "Scripts\SD Launch System\Launch Center\Launch Center.csproj", "{9F4626E6-0CE7-484A-8AEA-7F8553DC4D84}"
EndProject
Global
	GlobalSection(SolutionConfigurationPlatforms) = preSolution
		Debug|Any CPU = Debug|Any CPU
		Debug|x64 = Debug|x64
		Release|Any CPU = Release|Any CPU
		Release|x64 = Release|x64
	EndGlobalSection
	GlobalSection(ProjectConfigurationPlatforms) = postSolution
		{9F4626E6-0CE7-484A-8AEA-7F8553DC4D84}.Debug|Any CPU.ActiveCfg = Debug|Any CPU
		{9F4626E6-0CE7-484A-8AEA-7F8553DC4D84}.Debug|Any CPU.Build.0 = Debug|Any CPU
		{9F4626E6-0CE7-484A-8AEA-7F8553DC4D84}.Debug|x64.ActiveCfg = Debug|x64
		{9F4626E6-0CE7-484A-8AEA-7F8553DC4D84}.Debug|x64.Build.0 = Debug|x64
		{9F4626E6-0CE7-484A-8AEA-7F8553DC4D84}.Release|Any CPU.ActiveCfg = Release|Any CPU
		{9F4626E6-0CE7-484A-8AEA-7F8553DC4D84}.Release|Any CPU.Build.0 = Release|Any CPU
		{9F4626E6-0CE7-484A-8AEA-7F8553DC4D84}.Release|x64.ActiveCfg = Release|x64
		{9F4626E6-0CE7-484A-8AEA-7F8553DC4D84}.Release|x64.Build.0 = Release|x64
	EndGlobalSection
	GlobalSection(SolutionProperties) = preSolution
		HideSolutionNode = FALSE
	EndGlobalSection
	GlobalSection(ExtensibilityGlobals) = postSolution
		SolutionGuid = {68775F31-5E7C-4D8C-AA66-5CF7ABCA24C1}
	EndGlobalSection
EndGlobal
