
Microsoft Visual Studio Solution File, Format Version 12.00
# Visual Studio 15
VisualStudioVersion = 15.0.27130.2010
MinimumVisualStudioVersion = 10.0.40219.1
Project("{FAE04EC0-301F-11D3-BF4B-00C04F79EFBC}") = "Launch Center", "Scripts\SD Launch System\Launch Center\Launch Center.csproj", "{F72618CE-2343-4963-8438-25E06C58F15F}"
EndProject
Global
	GlobalSection(SolutionConfigurationPlatforms) = preSolution
		Debug|x64 = Debug|x64
	EndGlobalSection
	GlobalSection(ProjectConfigurationPlatforms) = postSolution
		{F72618CE-2343-4963-8438-25E06C58F15F}.Debug|x64.ActiveCfg = Debug|x64
		{F72618CE-2343-4963-8438-25E06C58F15F}.Debug|x64.Build.0 = Debug|x64
	EndGlobalSection
	GlobalSection(SolutionProperties) = preSolution
		HideSolutionNode = FALSE
	EndGlobalSection
	GlobalSection(ExtensibilityGlobals) = postSolution
		SolutionGuid = {68775F31-5E7C-4D8C-AA66-5CF7ABCA24C1}
	EndGlobalSection
EndGlobal
