
Microsoft Visual Studio Solution File, Format Version 12.00
# Visual Studio 15
VisualStudioVersion = 15.0.27130.2027
MinimumVisualStudioVersion = 10.0.40219.1
Project("{FAE04EC0-301F-11D3-BF4B-00C04F79EFBC}") = "Launch Center", "Scripts\SD Launch System\Launch Center\Launch Center.csproj", "{F72618CE-2343-4963-8438-25E06C58F15F}"
EndProject
Project("{FAE04EC0-301F-11D3-BF4B-00C04F79EFBC}") = "SDLS - Orbiter", "Scripts\SD Launch System\SDLS - Orbiter\SDLS - Orbiter.csproj", "{051CE348-0F02-4849-B6D7-B97DE3C1003E}"
EndProject
Project("{FAE04EC0-301F-11D3-BF4B-00C04F79EFBC}") = "SDLS - Booster", "Scripts\SD Launch System\SDLS - Booster\SDLS - Booster.csproj", "{0685E93C-4346-4DD3-AE1C-C22A47B27812}"
EndProject
Project("{D954291E-2A0B-460D-934E-DC6B0785DB48}") = "_Module - Running Symbol", "Modules\Running Symbol\_Module - Running Symbol.shproj", "{E8D8CEE9-6E84-4124-8A02-FB2B7BB494F4}"
EndProject
Project("{D954291E-2A0B-460D-934E-DC6B0785DB48}") = "_Module - Custom Data Config", "Modules\Custom Data Config\_Module - Custom Data Config.shproj", "{DD940528-1A03-4AB3-9504-3AA93571E5EC}"
EndProject
Project("{D954291E-2A0B-460D-934E-DC6B0785DB48}") = "_Module - Flight Data Recorder", "Modules\Flight Data Recorder\_Module - Flight Data Recorder.shproj", "{0F7F7179-F8CB-4376-940C-D9047E7D1FB3}"
EndProject
Project("{D954291E-2A0B-460D-934E-DC6B0785DB48}") = "_Module - Logging", "Modules\Logging\_Module - Logging.shproj", "{5A5BCC5C-0965-4CF1-B4C0-9F4925F33878}"
EndProject
Project("{D954291E-2A0B-460D-934E-DC6B0785DB48}") = "_Helper - Block Orientation Predicate", "Libraries\Block Orientation Predicate\_Helper - Block Orientation Predicate.shproj", "{EED1E4AC-D5CA-447A-BF3C-34C0E9B961FE}"
EndProject
Project("{D954291E-2A0B-460D-934E-DC6B0785DB48}") = "_Helper - Cargo and Inventory", "Libraries\Cargo and Inventory\_Helper - Cargo and Inventory.shproj", "{4E20775E-FE3C-4AE3-8E2D-A7B43EE30ED4}"
EndProject
Project("{D954291E-2A0B-460D-934E-DC6B0785DB48}") = "_Library - Common", "Libraries\Common\_Library - Common.shproj", "{C96CFE92-41D3-47DF-8A4A-C17A71C8E459}"
EndProject
Project("{D954291E-2A0B-460D-934E-DC6B0785DB48}") = "_Helper - Connectors", "Libraries\Connectors\_Helper - Connectors.shproj", "{5401FCB1-DDDD-4AB5-B78D-0C3AE14D202C}"
EndProject
Project("{D954291E-2A0B-460D-934E-DC6B0785DB48}") = "_Helper - Direction", "Libraries\Direction\_Helper - Direction.shproj", "{7E912F4A-7C61-4AEA-82E1-259FE4357B0B}"
EndProject
Project("{D954291E-2A0B-460D-934E-DC6B0785DB48}") = "_Helper - Gas Tanks", "Libraries\Gas Tanks\_Helper - Gas Tanks.shproj", "{35BBB9DE-40B9-4E5A-AA79-49394BFA1435}"
EndProject
Project("{D954291E-2A0B-460D-934E-DC6B0785DB48}") = "_Helper - Landing Gears", "Libraries\Landing Gears\_Helper - Landing Gears.shproj", "{2AC28B0A-1F4D-4423-B244-64FBF8A94354}"
EndProject
Project("{D954291E-2A0B-460D-934E-DC6B0785DB48}") = "_Helper - LCDs", "Libraries\LCDs\_Helper - LCDs.shproj", "{EC64A080-A572-41F9-A535-6152D0A647F3}"
EndProject
Project("{D954291E-2A0B-460D-934E-DC6B0785DB48}") = "_Helper - Thrusters", "Libraries\Thrusters\_Helper - Thrusters.shproj", "{B924BA87-9A65-42F6-A761-BB86C9D713FA}"
EndProject
Global
	GlobalSection(SharedMSBuildProjectFiles) = preSolution
		Modules\Flight Data Recorder\_Module - Flight Data Recorder.projitems*{0f7f7179-f8cb-4376-940c-d9047e7d1fb3}*SharedItemsImports = 13
		Libraries\Landing Gears\_Helper - Landing Gears.projitems*{2ac28b0a-1f4d-4423-b244-64fbf8a94354}*SharedItemsImports = 13
		Libraries\Gas Tanks\_Helper - Gas Tanks.projitems*{35bbb9de-40b9-4e5a-aa79-49394bfa1435}*SharedItemsImports = 13
		Libraries\Cargo and Inventory\_Helper - Cargo and Inventory.projitems*{4e20775e-fe3c-4ae3-8e2d-a7b43ee30ed4}*SharedItemsImports = 13
		Libraries\Connectors\_Helper - Connectors.projitems*{5401fcb1-dddd-4ab5-b78d-0c3ae14d202c}*SharedItemsImports = 13
		Modules\Logging\_Module - Logging.projitems*{5a5bcc5c-0965-4cf1-b4c0-9f4925f33878}*SharedItemsImports = 13
		Libraries\Direction\_Helper - Direction.projitems*{7e912f4a-7c61-4aea-82e1-259fe4357b0b}*SharedItemsImports = 13
		Libraries\Thrusters\_Helper - Thrusters.projitems*{b924ba87-9a65-42f6-a761-bb86c9d713fa}*SharedItemsImports = 13
		Libraries\Common\_Library - Common.projitems*{c96cfe92-41d3-47df-8a4a-c17a71c8e459}*SharedItemsImports = 13
		Modules\Custom Data Config\_Module - Custom Data Config.projitems*{dd940528-1a03-4ab3-9504-3aa93571e5ec}*SharedItemsImports = 13
		Modules\Running Symbol\_Module - Running Symbol.projitems*{e8d8cee9-6e84-4124-8a02-fb2b7bb494f4}*SharedItemsImports = 13
		Libraries\LCDs\_Helper - LCDs.projitems*{ec64a080-a572-41f9-a535-6152d0a647f3}*SharedItemsImports = 13
		Libraries\Block Orientation Predicate\_Helper - Block Orientation Predicate.projitems*{eed1e4ac-d5ca-447a-bf3c-34c0e9b961fe}*SharedItemsImports = 13
	EndGlobalSection
	GlobalSection(SolutionConfigurationPlatforms) = preSolution
		Debug|x64 = Debug|x64
	EndGlobalSection
	GlobalSection(ProjectConfigurationPlatforms) = postSolution
		{F72618CE-2343-4963-8438-25E06C58F15F}.Debug|x64.ActiveCfg = Debug|x64
		{F72618CE-2343-4963-8438-25E06C58F15F}.Debug|x64.Build.0 = Debug|x64
		{051CE348-0F02-4849-B6D7-B97DE3C1003E}.Debug|x64.ActiveCfg = Debug|x64
		{051CE348-0F02-4849-B6D7-B97DE3C1003E}.Debug|x64.Build.0 = Debug|x64
		{0685E93C-4346-4DD3-AE1C-C22A47B27812}.Debug|x64.ActiveCfg = Debug|x64
		{0685E93C-4346-4DD3-AE1C-C22A47B27812}.Debug|x64.Build.0 = Debug|x64
	EndGlobalSection
	GlobalSection(SolutionProperties) = preSolution
		HideSolutionNode = FALSE
	EndGlobalSection
	GlobalSection(ExtensibilityGlobals) = postSolution
		SolutionGuid = {68775F31-5E7C-4D8C-AA66-5CF7ABCA24C1}
	EndGlobalSection
EndGlobal
