
Microsoft Visual Studio Solution File, Format Version 12.00
# Visual Studio Version 17
VisualStudioVersion = 17.11.35222.181
MinimumVisualStudioVersion = 10.0.40219.1
Project("{D954291E-2A0B-460D-934E-DC6B0785DB48}") = "Library", "Library\Library.shproj", "{8A3CDCC5-4B55-4D87-A415-698A0E1FF06F}"
EndProject
Project("{9A19103F-16F7-4668-BE54-9A1E7A4F7556}") = "Utility Ship Systems", "Utility Ship Systems\Utility Ship Systems.csproj", "{A2A9A3F0-2DE1-45CF-A5AA-E49FFA812176}"
EndProject
Project("{9A19103F-16F7-4668-BE54-9A1E7A4F7556}") = "Axel - Drop GPS Recorder", "Axel - Drop GPS Recorder\Axel - Drop GPS Recorder.csproj", "{450DBC63-F8D8-4097-97DC-CEDF7F166E25}"
EndProject
Project("{9A19103F-16F7-4668-BE54-9A1E7A4F7556}") = "Block Report", "Block Report\Block Report.csproj", "{9E9FAC0C-F1D1-4D56-958B-F51DE315429A}"
EndProject
Project("{9A19103F-16F7-4668-BE54-9A1E7A4F7556}") = "COMM Commands", "COMM Commands\COMM Commands.csproj", "{081EF07C-A0FD-4CC4-A900-DC8D43A98322}"
EndProject
Project("{9A19103F-16F7-4668-BE54-9A1E7A4F7556}") = "Countdown Trigger", "Countdown Trigger\Countdown Trigger.csproj", "{39C358D4-82FC-49DD-AF85-F88CFE0DFB86}"
EndProject
Project("{9A19103F-16F7-4668-BE54-9A1E7A4F7556}") = "Deployable Turret", "Deployable Turret\Deployable Turret.csproj", "{364204B0-F4B0-49F9-B409-78F2549C4281}"
EndProject
Project("{9A19103F-16F7-4668-BE54-9A1E7A4F7556}") = "Grav Curve Map", "Grav Curve Map\Grav Curve Map.csproj", "{06E69A5E-DB84-4C55-B434-4EECD145214A}"
EndProject
Project("{9A19103F-16F7-4668-BE54-9A1E7A4F7556}") = "GridOS", "GridOS\GridOS.csproj", "{84F612CD-F4DA-40E2-B986-8BFE1A5FCC92}"
EndProject
Project("{9A19103F-16F7-4668-BE54-9A1E7A4F7556}") = "Group Renamer", "Group Renamer\Group Renamer.csproj", "{0341C126-3068-496F-8717-93E5FD0FA64F}"
EndProject
Project("{9A19103F-16F7-4668-BE54-9A1E7A4F7556}") = "Guidance Block Launch Control", "Guidance Block Launch Control\Guidance Block Launch Control.csproj", "{62779458-A1DF-4844-AA8A-53792AB7FDA9}"
EndProject
Project("{9A19103F-16F7-4668-BE54-9A1E7A4F7556}") = "Initialize Blocks", "Initialize Blocks\Initialize Blocks.csproj", "{522DADB7-FC90-4885-9CDD-9814F2A0B1C7}"
EndProject
Project("{9A19103F-16F7-4668-BE54-9A1E7A4F7556}") = "Malhavoc - WelderFactory Init", "Malhavoc - WelderFactory Init\Malhavoc - WelderFactory Init.csproj", "{97A55EA9-D7E9-41B7-B099-D6F016FF536C}"
EndProject
Project("{9A19103F-16F7-4668-BE54-9A1E7A4F7556}") = "Sapphire Mk2 - Ship Systems", "Sapphire Mk2 - Ship Systems\Sapphire Mk2 - Ship Systems.csproj", "{694DE269-5F72-40CF-812A-E169361062F5}"
EndProject
Project("{9A19103F-16F7-4668-BE54-9A1E7A4F7556}") = "Sapphire-Ship Systems", "Sapphire-Ship Systems\Sapphire-Ship Systems.csproj", "{B30B06F0-8D75-45AF-AE87-86591772D02F}"
EndProject
Project("{D954291E-2A0B-460D-934E-DC6B0785DB48}") = "SDLS - Shared", "SDLS - Shared\SDLS - Shared.shproj", "{E8301866-1579-412F-9A13-B374269BF63C}"
EndProject
Project("{9A19103F-16F7-4668-BE54-9A1E7A4F7556}") = "SDLS - Booster", "SDLS - Booster\SDLS - Booster.csproj", "{C249A124-DE78-4B73-A9A6-5FAE0933008F}"
EndProject
Project("{9A19103F-16F7-4668-BE54-9A1E7A4F7556}") = "SDLS - GrassHopper", "SDLS - GrassHopper\SDLS - GrassHopper.csproj", "{B6359EB8-5BC7-4A7E-8879-22CD5F58A865}"
EndProject
Project("{9A19103F-16F7-4668-BE54-9A1E7A4F7556}") = "SDLS - Launch Center", "SDLS - Launch Center\SDLS - Launch Center.csproj", "{89AC5732-80A6-4F92-8E26-8600546CD9BE}"
EndProject
Project("{9A19103F-16F7-4668-BE54-9A1E7A4F7556}") = "SDLS - Orbiter", "SDLS - Orbiter\SDLS - Orbiter.csproj", "{0EF77089-6C24-488E-8773-A35AAD108849}"
EndProject
Project("{9A19103F-16F7-4668-BE54-9A1E7A4F7556}") = "SDLS Rocket (Merges)", "SDLS Rocket (Merges)\SDLS Rocket (Merges).csproj", "{C6710304-8644-4016-9B1B-B714CE42C621}"
EndProject
Project("{9A19103F-16F7-4668-BE54-9A1E7A4F7556}") = "SDLS Rocket (Rotors)", "SDLS Rocket (Rotors)\SDLS Rocket (Rotors).csproj", "{0A1E5346-B038-4546-9CE4-AABB60985827}"
EndProject
Project("{9A19103F-16F7-4668-BE54-9A1E7A4F7556}") = "Ship Dock-Secure", "Ship Dock-Secure\Ship Dock-Secure.csproj", "{73730779-0BBE-489A-B754-BD1808DC6EAE}"
EndProject
Project("{9A19103F-16F7-4668-BE54-9A1E7A4F7556}") = "TIM Cargo Switcher", "TIM Cargo Switcher\TIM Cargo Switcher.csproj", "{77DD6FC9-7727-43B7-820D-91EEBC430345}"
EndProject
Project("{9A19103F-16F7-4668-BE54-9A1E7A4F7556}") = "TWR Calculator", "TWR Calculator\TWR Calculator.csproj", "{5EE02B9E-E5D2-425B-8FE5-1817DDB61D3F}"
EndProject
Project("{9A19103F-16F7-4668-BE54-9A1E7A4F7556}") = "TWR Calculator 2", "TWR Calculator 2\TWR Calculator 2.csproj", "{1A7EF527-588D-41E4-94A6-D3710E273AEB}"
EndProject
Project("{2150E333-8FDC-42A3-9474-1A3956D46DE8}") = "Solution Items", "Solution Items", "{41D65D96-CE12-4254-9972-15093D8D1DDC}"
	ProjectSection(SolutionItems) = preProject
		.editorconfig = .editorconfig
		.gitattributes = .gitattributes
		.gitignore = .gitignore
		Block Actions.txt = Block Actions.txt
		Block Properties.txt = Block Properties.txt
		FontData.xml = FontData.xml
		README.md = README.md
	EndProjectSection
EndProject
Global
	GlobalSection(SolutionConfigurationPlatforms) = preSolution
		Debug|x64 = Debug|x64
		Release|x64 = Release|x64
	EndGlobalSection
	GlobalSection(ProjectConfigurationPlatforms) = postSolution
		{A2A9A3F0-2DE1-45CF-A5AA-E49FFA812176}.Debug|x64.ActiveCfg = Debug|x64
		{A2A9A3F0-2DE1-45CF-A5AA-E49FFA812176}.Debug|x64.Build.0 = Debug|x64
		{A2A9A3F0-2DE1-45CF-A5AA-E49FFA812176}.Release|x64.ActiveCfg = Release|x64
		{A2A9A3F0-2DE1-45CF-A5AA-E49FFA812176}.Release|x64.Build.0 = Release|x64
		{450DBC63-F8D8-4097-97DC-CEDF7F166E25}.Debug|x64.ActiveCfg = Debug|x64
		{450DBC63-F8D8-4097-97DC-CEDF7F166E25}.Debug|x64.Build.0 = Debug|x64
		{450DBC63-F8D8-4097-97DC-CEDF7F166E25}.Release|x64.ActiveCfg = Release|x64
		{450DBC63-F8D8-4097-97DC-CEDF7F166E25}.Release|x64.Build.0 = Release|x64
		{9E9FAC0C-F1D1-4D56-958B-F51DE315429A}.Debug|x64.ActiveCfg = Debug|x64
		{9E9FAC0C-F1D1-4D56-958B-F51DE315429A}.Debug|x64.Build.0 = Debug|x64
		{9E9FAC0C-F1D1-4D56-958B-F51DE315429A}.Release|x64.ActiveCfg = Release|x64
		{9E9FAC0C-F1D1-4D56-958B-F51DE315429A}.Release|x64.Build.0 = Release|x64
		{081EF07C-A0FD-4CC4-A900-DC8D43A98322}.Debug|x64.ActiveCfg = Debug|x64
		{081EF07C-A0FD-4CC4-A900-DC8D43A98322}.Debug|x64.Build.0 = Debug|x64
		{081EF07C-A0FD-4CC4-A900-DC8D43A98322}.Release|x64.ActiveCfg = Release|x64
		{081EF07C-A0FD-4CC4-A900-DC8D43A98322}.Release|x64.Build.0 = Release|x64
		{39C358D4-82FC-49DD-AF85-F88CFE0DFB86}.Debug|x64.ActiveCfg = Debug|x64
		{39C358D4-82FC-49DD-AF85-F88CFE0DFB86}.Debug|x64.Build.0 = Debug|x64
		{39C358D4-82FC-49DD-AF85-F88CFE0DFB86}.Release|x64.ActiveCfg = Release|x64
		{39C358D4-82FC-49DD-AF85-F88CFE0DFB86}.Release|x64.Build.0 = Release|x64
		{364204B0-F4B0-49F9-B409-78F2549C4281}.Debug|x64.ActiveCfg = Debug|x64
		{364204B0-F4B0-49F9-B409-78F2549C4281}.Debug|x64.Build.0 = Debug|x64
		{364204B0-F4B0-49F9-B409-78F2549C4281}.Release|x64.ActiveCfg = Release|x64
		{364204B0-F4B0-49F9-B409-78F2549C4281}.Release|x64.Build.0 = Release|x64
		{06E69A5E-DB84-4C55-B434-4EECD145214A}.Debug|x64.ActiveCfg = Debug|x64
		{06E69A5E-DB84-4C55-B434-4EECD145214A}.Debug|x64.Build.0 = Debug|x64
		{06E69A5E-DB84-4C55-B434-4EECD145214A}.Release|x64.ActiveCfg = Release|x64
		{06E69A5E-DB84-4C55-B434-4EECD145214A}.Release|x64.Build.0 = Release|x64
		{84F612CD-F4DA-40E2-B986-8BFE1A5FCC92}.Debug|x64.ActiveCfg = Debug|x64
		{84F612CD-F4DA-40E2-B986-8BFE1A5FCC92}.Debug|x64.Build.0 = Debug|x64
		{84F612CD-F4DA-40E2-B986-8BFE1A5FCC92}.Release|x64.ActiveCfg = Release|x64
		{84F612CD-F4DA-40E2-B986-8BFE1A5FCC92}.Release|x64.Build.0 = Release|x64
		{0341C126-3068-496F-8717-93E5FD0FA64F}.Debug|x64.ActiveCfg = Debug|x64
		{0341C126-3068-496F-8717-93E5FD0FA64F}.Debug|x64.Build.0 = Debug|x64
		{0341C126-3068-496F-8717-93E5FD0FA64F}.Release|x64.ActiveCfg = Release|x64
		{0341C126-3068-496F-8717-93E5FD0FA64F}.Release|x64.Build.0 = Release|x64
		{62779458-A1DF-4844-AA8A-53792AB7FDA9}.Debug|x64.ActiveCfg = Debug|x64
		{62779458-A1DF-4844-AA8A-53792AB7FDA9}.Debug|x64.Build.0 = Debug|x64
		{62779458-A1DF-4844-AA8A-53792AB7FDA9}.Release|x64.ActiveCfg = Release|x64
		{62779458-A1DF-4844-AA8A-53792AB7FDA9}.Release|x64.Build.0 = Release|x64
		{522DADB7-FC90-4885-9CDD-9814F2A0B1C7}.Debug|x64.ActiveCfg = Debug|x64
		{522DADB7-FC90-4885-9CDD-9814F2A0B1C7}.Debug|x64.Build.0 = Debug|x64
		{522DADB7-FC90-4885-9CDD-9814F2A0B1C7}.Release|x64.ActiveCfg = Release|x64
		{522DADB7-FC90-4885-9CDD-9814F2A0B1C7}.Release|x64.Build.0 = Release|x64
		{97A55EA9-D7E9-41B7-B099-D6F016FF536C}.Debug|x64.ActiveCfg = Debug|x64
		{97A55EA9-D7E9-41B7-B099-D6F016FF536C}.Debug|x64.Build.0 = Debug|x64
		{97A55EA9-D7E9-41B7-B099-D6F016FF536C}.Release|x64.ActiveCfg = Release|x64
		{97A55EA9-D7E9-41B7-B099-D6F016FF536C}.Release|x64.Build.0 = Release|x64
		{694DE269-5F72-40CF-812A-E169361062F5}.Debug|x64.ActiveCfg = Debug|x64
		{694DE269-5F72-40CF-812A-E169361062F5}.Debug|x64.Build.0 = Debug|x64
		{694DE269-5F72-40CF-812A-E169361062F5}.Release|x64.ActiveCfg = Release|x64
		{694DE269-5F72-40CF-812A-E169361062F5}.Release|x64.Build.0 = Release|x64
		{B30B06F0-8D75-45AF-AE87-86591772D02F}.Debug|x64.ActiveCfg = Debug|x64
		{B30B06F0-8D75-45AF-AE87-86591772D02F}.Debug|x64.Build.0 = Debug|x64
		{B30B06F0-8D75-45AF-AE87-86591772D02F}.Release|x64.ActiveCfg = Release|x64
		{B30B06F0-8D75-45AF-AE87-86591772D02F}.Release|x64.Build.0 = Release|x64
		{C249A124-DE78-4B73-A9A6-5FAE0933008F}.Debug|x64.ActiveCfg = Debug|x64
		{C249A124-DE78-4B73-A9A6-5FAE0933008F}.Debug|x64.Build.0 = Debug|x64
		{C249A124-DE78-4B73-A9A6-5FAE0933008F}.Release|x64.ActiveCfg = Release|x64
		{C249A124-DE78-4B73-A9A6-5FAE0933008F}.Release|x64.Build.0 = Release|x64
		{B6359EB8-5BC7-4A7E-8879-22CD5F58A865}.Debug|x64.ActiveCfg = Debug|x64
		{B6359EB8-5BC7-4A7E-8879-22CD5F58A865}.Debug|x64.Build.0 = Debug|x64
		{B6359EB8-5BC7-4A7E-8879-22CD5F58A865}.Release|x64.ActiveCfg = Release|x64
		{B6359EB8-5BC7-4A7E-8879-22CD5F58A865}.Release|x64.Build.0 = Release|x64
		{89AC5732-80A6-4F92-8E26-8600546CD9BE}.Debug|x64.ActiveCfg = Debug|x64
		{89AC5732-80A6-4F92-8E26-8600546CD9BE}.Debug|x64.Build.0 = Debug|x64
		{89AC5732-80A6-4F92-8E26-8600546CD9BE}.Release|x64.ActiveCfg = Release|x64
		{89AC5732-80A6-4F92-8E26-8600546CD9BE}.Release|x64.Build.0 = Release|x64
		{0EF77089-6C24-488E-8773-A35AAD108849}.Debug|x64.ActiveCfg = Debug|x64
		{0EF77089-6C24-488E-8773-A35AAD108849}.Debug|x64.Build.0 = Debug|x64
		{0EF77089-6C24-488E-8773-A35AAD108849}.Release|x64.ActiveCfg = Release|x64
		{0EF77089-6C24-488E-8773-A35AAD108849}.Release|x64.Build.0 = Release|x64
		{C6710304-8644-4016-9B1B-B714CE42C621}.Debug|x64.ActiveCfg = Debug|x64
		{C6710304-8644-4016-9B1B-B714CE42C621}.Debug|x64.Build.0 = Debug|x64
		{C6710304-8644-4016-9B1B-B714CE42C621}.Release|x64.ActiveCfg = Release|x64
		{C6710304-8644-4016-9B1B-B714CE42C621}.Release|x64.Build.0 = Release|x64
		{0A1E5346-B038-4546-9CE4-AABB60985827}.Debug|x64.ActiveCfg = Debug|x64
		{0A1E5346-B038-4546-9CE4-AABB60985827}.Debug|x64.Build.0 = Debug|x64
		{0A1E5346-B038-4546-9CE4-AABB60985827}.Release|x64.ActiveCfg = Release|x64
		{0A1E5346-B038-4546-9CE4-AABB60985827}.Release|x64.Build.0 = Release|x64
		{73730779-0BBE-489A-B754-BD1808DC6EAE}.Debug|x64.ActiveCfg = Debug|x64
		{73730779-0BBE-489A-B754-BD1808DC6EAE}.Debug|x64.Build.0 = Debug|x64
		{73730779-0BBE-489A-B754-BD1808DC6EAE}.Release|x64.ActiveCfg = Release|x64
		{73730779-0BBE-489A-B754-BD1808DC6EAE}.Release|x64.Build.0 = Release|x64
		{77DD6FC9-7727-43B7-820D-91EEBC430345}.Debug|x64.ActiveCfg = Debug|x64
		{77DD6FC9-7727-43B7-820D-91EEBC430345}.Debug|x64.Build.0 = Debug|x64
		{77DD6FC9-7727-43B7-820D-91EEBC430345}.Release|x64.ActiveCfg = Release|x64
		{77DD6FC9-7727-43B7-820D-91EEBC430345}.Release|x64.Build.0 = Release|x64
		{5EE02B9E-E5D2-425B-8FE5-1817DDB61D3F}.Debug|x64.ActiveCfg = Debug|x64
		{5EE02B9E-E5D2-425B-8FE5-1817DDB61D3F}.Debug|x64.Build.0 = Debug|x64
		{5EE02B9E-E5D2-425B-8FE5-1817DDB61D3F}.Release|x64.ActiveCfg = Release|x64
		{5EE02B9E-E5D2-425B-8FE5-1817DDB61D3F}.Release|x64.Build.0 = Release|x64
		{1A7EF527-588D-41E4-94A6-D3710E273AEB}.Debug|x64.ActiveCfg = Debug|x64
		{1A7EF527-588D-41E4-94A6-D3710E273AEB}.Debug|x64.Build.0 = Debug|x64
		{1A7EF527-588D-41E4-94A6-D3710E273AEB}.Release|x64.ActiveCfg = Release|x64
		{1A7EF527-588D-41E4-94A6-D3710E273AEB}.Release|x64.Build.0 = Release|x64
	EndGlobalSection
	GlobalSection(SolutionProperties) = preSolution
		HideSolutionNode = FALSE
	EndGlobalSection
	GlobalSection(ExtensibilityGlobals) = postSolution
		SolutionGuid = {48560F34-5EF6-489C-B40B-8CBB736BE4EC}
	EndGlobalSection
	GlobalSection(SharedMSBuildProjectFiles) = preSolution
		Library\Library.projitems*{0341c126-3068-496f-8717-93e5fd0fa64f}*SharedItemsImports = 5
		Library\Library.projitems*{06e69a5e-db84-4c55-b434-4eecd145214a}*SharedItemsImports = 5
		Library\Library.projitems*{081ef07c-a0fd-4cc4-a900-dc8d43a98322}*SharedItemsImports = 5
		Library\Library.projitems*{0a1e5346-b038-4546-9ce4-aabb60985827}*SharedItemsImports = 5
		Library\Library.projitems*{0ef77089-6c24-488e-8773-a35aad108849}*SharedItemsImports = 5
		SDLS - Shared\SDLS - Shared.projitems*{0ef77089-6c24-488e-8773-a35aad108849}*SharedItemsImports = 5
		Library\Library.projitems*{1a7ef527-588d-41e4-94a6-d3710e273aeb}*SharedItemsImports = 5
		Library\Library.projitems*{364204b0-f4b0-49f9-b409-78f2549c4281}*SharedItemsImports = 5
		Library\Library.projitems*{39c358d4-82fc-49dd-af85-f88cfe0dfb86}*SharedItemsImports = 5
		Library\Library.projitems*{450dbc63-f8d8-4097-97dc-cedf7f166e25}*SharedItemsImports = 5
		Library\Library.projitems*{5ee02b9e-e5d2-425b-8fe5-1817ddb61d3f}*SharedItemsImports = 5
		Library\Library.projitems*{62779458-a1df-4844-aa8a-53792ab7fda9}*SharedItemsImports = 5
		Library\Library.projitems*{694de269-5f72-40cf-812a-e169361062f5}*SharedItemsImports = 5
		Library\Library.projitems*{77dd6fc9-7727-43b7-820d-91eebc430345}*SharedItemsImports = 5
		Library\Library.projitems*{84f612cd-f4da-40e2-b986-8bfe1a5fcc92}*SharedItemsImports = 5
		Library\Library.projitems*{89ac5732-80a6-4f92-8e26-8600546cd9be}*SharedItemsImports = 5
		Library\Library.projitems*{8a3cdcc5-4b55-4d87-a415-698a0e1ff06f}*SharedItemsImports = 13
		Library\Library.projitems*{97a55ea9-d7e9-41b7-b099-d6f016ff536c}*SharedItemsImports = 5
		Library\Library.projitems*{a2a9a3f0-2de1-45cf-a5aa-e49ffa812176}*SharedItemsImports = 5
		Library\Library.projitems*{b6359eb8-5bc7-4a7e-8879-22cd5f58a865}*SharedItemsImports = 5
		Library\Library.projitems*{c249a124-de78-4b73-a9a6-5fae0933008f}*SharedItemsImports = 5
		SDLS - Shared\SDLS - Shared.projitems*{c249a124-de78-4b73-a9a6-5fae0933008f}*SharedItemsImports = 5
		Library\Library.projitems*{c6710304-8644-4016-9b1b-b714ce42c621}*SharedItemsImports = 5
		SDLS - Shared\SDLS - Shared.projitems*{e8301866-1579-412f-9a13-b374269bf63c}*SharedItemsImports = 13
	EndGlobalSection
EndGlobal
