
Microsoft Visual Studio Solution File, Format Version 12.00
# Visual Studio 15
VisualStudioVersion = 15.0.27130.2024
MinimumVisualStudioVersion = 10.0.40219.1
Project("{FAE04EC0-301F-11D3-BF4B-00C04F79EFBC}") = "SpaceElevator - Carriage", "Scripts\Space Elevator\SpaceElevator - Carriage\SpaceElevator - Carriage.csproj", "{D3DB145B-4DB0-4334-AE5C-E046464F6B4C}"
EndProject
Project("{D954291E-2A0B-460D-934E-DC6B0785DB48}") = "Shared", "Scripts\Space Elevator\Shared\Shared.shproj", "{0A117477-6C2A-40AC-A8EB-FDCD2DFE11BA}"
EndProject
Project("{D954291E-2A0B-460D-934E-DC6B0785DB48}") = "_Module - Custom Data Config", "Modules\Custom Data Config\_Module - Custom Data Config.shproj", "{DD940528-1A03-4AB3-9504-3AA93571E5EC}"
EndProject
Project("{D954291E-2A0B-460D-934E-DC6B0785DB48}") = "_Module - Door Closer", "Modules\Door Closer\_Module - Door Closer.shproj", "{CE1D6A6C-A380-4FA8-A306-2F81AA4A7E33}"
EndProject
Project("{D954291E-2A0B-460D-934E-DC6B0785DB48}") = "_Module - Logging", "Modules\Logging\_Module - Logging.shproj", "{5A5BCC5C-0965-4CF1-B4C0-9F4925F33878}"
EndProject
Project("{D954291E-2A0B-460D-934E-DC6B0785DB48}") = "_Module - Time Interval", "Modules\Time Interval\_Module - Time Interval.shproj", "{243C42A9-6084-40C4-A1C4-5D0D61A5F1E1}"
EndProject
Project("{D954291E-2A0B-460D-934E-DC6B0785DB48}") = "_Library - Common", "Libraries\Common\_Library - Common.shproj", "{C96CFE92-41D3-47DF-8A4A-C17A71C8E459}"
EndProject
Project("{D954291E-2A0B-460D-934E-DC6B0785DB48}") = "_Helper - Thrusters", "Libraries\Thrusters\_Helper - Thrusters.shproj", "{B924BA87-9A65-42F6-A761-BB86C9D713FA}"
EndProject
Project("{D954291E-2A0B-460D-934E-DC6B0785DB48}") = "_Helper - Gas Tanks", "Libraries\Gas Tanks\_Helper - Gas Tanks.shproj", "{35BBB9DE-40B9-4E5A-AA79-49394BFA1435}"
EndProject
Project("{D954291E-2A0B-460D-934E-DC6B0785DB48}") = "_Helper - Block Orientation Predicate", "Libraries\Block Orientation Predicate\_Helper - Block Orientation Predicate.shproj", "{EED1E4AC-D5CA-447A-BF3C-34C0E9B961FE}"
EndProject
Project("{D954291E-2A0B-460D-934E-DC6B0785DB48}") = "_Helper - Landing Gears", "Libraries\Landing Gears\_Helper - Landing Gears.shproj", "{2AC28B0A-1F4D-4423-B244-64FBF8A94354}"
EndProject
Project("{D954291E-2A0B-460D-934E-DC6B0785DB48}") = "_Module - Debug", "Modules\Script Debug\_Module - Debug.shproj", "{0B16B361-C30E-48FD-87EA-37DEFD087559}"
EndProject
Project("{D954291E-2A0B-460D-934E-DC6B0785DB48}") = "_Helper - LCDs", "Libraries\LCDs\_Helper - LCDs.shproj", "{EC64A080-A572-41F9-A535-6152D0A647F3}"
EndProject
Project("{D954291E-2A0B-460D-934E-DC6B0785DB48}") = "_Helper - Cargo and Inventory", "Libraries\Cargo and Inventory\_Helper - Cargo and Inventory.shproj", "{4E20775E-FE3C-4AE3-8E2D-A7B43EE30ED4}"
EndProject
Project("{FAE04EC0-301F-11D3-BF4B-00C04F79EFBC}") = "SpaceElevator - COMMs Reciever", "Scripts\Space Elevator\SpaceElevator - COMMs Reciever\SpaceElevator - COMMs Reciever.csproj", "{07280390-4C98-4B20-A2EB-F4DBE5713CEF}"
EndProject
Project("{FAE04EC0-301F-11D3-BF4B-00C04F79EFBC}") = "SpaceElevator - OPS Center", "Scripts\Space Elevator\SpaceElevator - OPS Center\SpaceElevator - OPS Center.csproj", "{FE456DAE-1E85-4D99-A25D-AA819E217AF3}"
EndProject
Project("{D954291E-2A0B-460D-934E-DC6B0785DB48}") = "_Helper - Doors", "Libraries\Doors\_Helper - Doors.shproj", "{E503BEBE-817D-4BED-9072-7BFCB95415B8}"
EndProject
Project("{FAE04EC0-301F-11D3-BF4B-00C04F79EFBC}") = "SpaceElevator - Station", "Scripts\Space Elevator\SpaceElevator - Station\SpaceElevator - Station.csproj", "{7668C9B9-78DE-4B35-A141-D528F0704D4A}"
EndProject
Project("{D954291E-2A0B-460D-934E-DC6B0785DB48}") = "_Module - Running Symbol", "Modules\Running Symbol\_Module - Running Symbol.shproj", "{E8D8CEE9-6E84-4124-8A02-FB2B7BB494F4}"
EndProject
Project("{D954291E-2A0B-460D-934E-DC6B0785DB48}") = "_Module - Profiler", "Modules\Profiler\_Module - Profiler.shproj", "{7AD7003F-2C7C-4F0A-900A-279E82EF75E4}"
EndProject
Global
	GlobalSection(SharedMSBuildProjectFiles) = preSolution
		Libraries\Common\_Library - Common.projitems*{07280390-4c98-4b20-a2eb-f4dbe5713cef}*SharedItemsImports = 4
		Libraries\LCDs\_Helper - LCDs.projitems*{07280390-4c98-4b20-a2eb-f4dbe5713cef}*SharedItemsImports = 4
		Modules\Custom Data Config\_Module - Custom Data Config.projitems*{07280390-4c98-4b20-a2eb-f4dbe5713cef}*SharedItemsImports = 4
		Modules\Logging\_Module - Logging.projitems*{07280390-4c98-4b20-a2eb-f4dbe5713cef}*SharedItemsImports = 4
		Scripts\Space Elevator\Shared\Shared.projitems*{07280390-4c98-4b20-a2eb-f4dbe5713cef}*SharedItemsImports = 4
		Scripts\Space Elevator\Shared\Shared.projitems*{0a117477-6c2a-40ac-a8eb-fdcd2dfe11ba}*SharedItemsImports = 13
		Modules\Script Debug\_Module - Debug.projitems*{0b16b361-c30e-48fd-87ea-37defd087559}*SharedItemsImports = 13
		Modules\Time Interval\_Module - Time Interval.projitems*{243c42a9-6084-40c4-a1c4-5d0d61a5f1e1}*SharedItemsImports = 13
		Libraries\Landing Gears\_Helper - Landing Gears.projitems*{2ac28b0a-1f4d-4423-b244-64fbf8a94354}*SharedItemsImports = 13
		Libraries\Gas Tanks\_Helper - Gas Tanks.projitems*{35bbb9de-40b9-4e5a-aa79-49394bfa1435}*SharedItemsImports = 13
		Libraries\Cargo and Inventory\_Helper - Cargo and Inventory.projitems*{4e20775e-fe3c-4ae3-8e2d-a7b43ee30ed4}*SharedItemsImports = 13
		Modules\Logging\_Module - Logging.projitems*{5a5bcc5c-0965-4cf1-b4c0-9f4925f33878}*SharedItemsImports = 13
		Libraries\Common\_Library - Common.projitems*{7668c9b9-78de-4b35-a141-d528f0704d4a}*SharedItemsImports = 4
		Libraries\Doors\_Helper - Doors.projitems*{7668c9b9-78de-4b35-a141-d528f0704d4a}*SharedItemsImports = 4
		Libraries\Gas Tanks\_Helper - Gas Tanks.projitems*{7668c9b9-78de-4b35-a141-d528f0704d4a}*SharedItemsImports = 4
		Libraries\LCDs\_Helper - LCDs.projitems*{7668c9b9-78de-4b35-a141-d528f0704d4a}*SharedItemsImports = 4
		Modules\Custom Data Config\_Module - Custom Data Config.projitems*{7668c9b9-78de-4b35-a141-d528f0704d4a}*SharedItemsImports = 4
		Modules\Logging\_Module - Logging.projitems*{7668c9b9-78de-4b35-a141-d528f0704d4a}*SharedItemsImports = 4
		Modules\Running Symbol\_Module - Running Symbol.projitems*{7668c9b9-78de-4b35-a141-d528f0704d4a}*SharedItemsImports = 4
		Modules\Script Debug\_Module - Debug.projitems*{7668c9b9-78de-4b35-a141-d528f0704d4a}*SharedItemsImports = 4
		Scripts\Space Elevator\Shared\Shared.projitems*{7668c9b9-78de-4b35-a141-d528f0704d4a}*SharedItemsImports = 4
		Modules\Profiler\_Module - Profiler.projitems*{7ad7003f-2c7c-4f0a-900a-279e82ef75e4}*SharedItemsImports = 13
		Libraries\Thrusters\_Helper - Thrusters.projitems*{b924ba87-9a65-42f6-a761-bb86c9d713fa}*SharedItemsImports = 13
		Libraries\Common\_Library - Common.projitems*{c96cfe92-41d3-47df-8a4a-c17a71c8e459}*SharedItemsImports = 13
		Modules\Door Closer\_Module - Door Closer.projitems*{ce1d6a6c-a380-4fa8-a306-2f81aa4a7e33}*SharedItemsImports = 13
		Libraries\Block Orientation Predicate\_Helper - Block Orientation Predicate.projitems*{d3db145b-4db0-4334-ae5c-e046464f6b4c}*SharedItemsImports = 4
		Libraries\Cargo and Inventory\_Helper - Cargo and Inventory.projitems*{d3db145b-4db0-4334-ae5c-e046464f6b4c}*SharedItemsImports = 4
		Libraries\Common\_Library - Common.projitems*{d3db145b-4db0-4334-ae5c-e046464f6b4c}*SharedItemsImports = 4
		Libraries\Gas Tanks\_Helper - Gas Tanks.projitems*{d3db145b-4db0-4334-ae5c-e046464f6b4c}*SharedItemsImports = 4
		Libraries\Landing Gears\_Helper - Landing Gears.projitems*{d3db145b-4db0-4334-ae5c-e046464f6b4c}*SharedItemsImports = 4
		Libraries\LCDs\_Helper - LCDs.projitems*{d3db145b-4db0-4334-ae5c-e046464f6b4c}*SharedItemsImports = 4
		Libraries\Thrusters\_Helper - Thrusters.projitems*{d3db145b-4db0-4334-ae5c-e046464f6b4c}*SharedItemsImports = 4
		Modules\Custom Data Config\_Module - Custom Data Config.projitems*{d3db145b-4db0-4334-ae5c-e046464f6b4c}*SharedItemsImports = 4
		Modules\Logging\_Module - Logging.projitems*{d3db145b-4db0-4334-ae5c-e046464f6b4c}*SharedItemsImports = 4
		Modules\Running Symbol\_Module - Running Symbol.projitems*{d3db145b-4db0-4334-ae5c-e046464f6b4c}*SharedItemsImports = 4
		Scripts\Space Elevator\Shared\Shared.projitems*{d3db145b-4db0-4334-ae5c-e046464f6b4c}*SharedItemsImports = 4
		Modules\Custom Data Config\_Module - Custom Data Config.projitems*{dd940528-1a03-4ab3-9504-3aa93571e5ec}*SharedItemsImports = 13
		Libraries\Doors\_Helper - Doors.projitems*{e503bebe-817d-4bed-9072-7bfcb95415b8}*SharedItemsImports = 13
		Modules\Running Symbol\_Module - Running Symbol.projitems*{e8d8cee9-6e84-4124-8a02-fb2b7bb494f4}*SharedItemsImports = 13
		Libraries\LCDs\_Helper - LCDs.projitems*{ec64a080-a572-41f9-a535-6152d0a647f3}*SharedItemsImports = 13
		Libraries\Block Orientation Predicate\_Helper - Block Orientation Predicate.projitems*{eed1e4ac-d5ca-447a-bf3c-34c0e9b961fe}*SharedItemsImports = 13
		Libraries\Common\_Library - Common.projitems*{fe456dae-1e85-4d99-a25d-aa819e217af3}*SharedItemsImports = 4
		Libraries\Doors\_Helper - Doors.projitems*{fe456dae-1e85-4d99-a25d-aa819e217af3}*SharedItemsImports = 4
		Libraries\LCDs\_Helper - LCDs.projitems*{fe456dae-1e85-4d99-a25d-aa819e217af3}*SharedItemsImports = 4
		Modules\Custom Data Config\_Module - Custom Data Config.projitems*{fe456dae-1e85-4d99-a25d-aa819e217af3}*SharedItemsImports = 4
		Modules\Logging\_Module - Logging.projitems*{fe456dae-1e85-4d99-a25d-aa819e217af3}*SharedItemsImports = 4
		Modules\Running Symbol\_Module - Running Symbol.projitems*{fe456dae-1e85-4d99-a25d-aa819e217af3}*SharedItemsImports = 4
		Scripts\Space Elevator\Shared\Shared.projitems*{fe456dae-1e85-4d99-a25d-aa819e217af3}*SharedItemsImports = 4
	EndGlobalSection
	GlobalSection(SolutionConfigurationPlatforms) = preSolution
		Debug|x64 = Debug|x64
	EndGlobalSection
	GlobalSection(ProjectConfigurationPlatforms) = postSolution
		{D3DB145B-4DB0-4334-AE5C-E046464F6B4C}.Debug|x64.ActiveCfg = Debug|x64
		{D3DB145B-4DB0-4334-AE5C-E046464F6B4C}.Debug|x64.Build.0 = Debug|x64
		{07280390-4C98-4B20-A2EB-F4DBE5713CEF}.Debug|x64.ActiveCfg = Debug|x64
		{07280390-4C98-4B20-A2EB-F4DBE5713CEF}.Debug|x64.Build.0 = Debug|x64
		{FE456DAE-1E85-4D99-A25D-AA819E217AF3}.Debug|x64.ActiveCfg = Debug|x64
		{FE456DAE-1E85-4D99-A25D-AA819E217AF3}.Debug|x64.Build.0 = Debug|x64
		{7668C9B9-78DE-4B35-A141-D528F0704D4A}.Debug|x64.ActiveCfg = Debug|x64
		{7668C9B9-78DE-4B35-A141-D528F0704D4A}.Debug|x64.Build.0 = Debug|x64
	EndGlobalSection
	GlobalSection(SolutionProperties) = preSolution
		HideSolutionNode = FALSE
	EndGlobalSection
	GlobalSection(ExtensibilityGlobals) = postSolution
		SolutionGuid = {2802D62D-9436-4749-B82E-B48286E082E0}
	EndGlobalSection
EndGlobal
