
Microsoft Visual Studio Solution File, Format Version 12.00
# Visual Studio 15
VisualStudioVersion = 15.0.27004.2009
MinimumVisualStudioVersion = 10.0.40219.1
Project("{FAE04EC0-301F-11D3-BF4B-00C04F79EFBC}") = "TWR Calculator", "Scripts\TWR Calculator\TWR Calculator.csproj", "{503D7DE1-28C9-468F-8CD8-4BEC3EA05A64}"
EndProject
Project("{D954291E-2A0B-460D-934E-DC6B0785DB48}") = "_Module - Custom Data Config", "Modules\Custom Data Config\_Module - Custom Data Config.shproj", "{DD940528-1A03-4AB3-9504-3AA93571E5EC}"
EndProject
Project("{D954291E-2A0B-460D-934E-DC6B0785DB48}") = "_Helper - Thrusters", "Libraries\Thrusters\_Helper - Thrusters.shproj", "{B924BA87-9A65-42F6-A761-BB86C9D713FA}"
EndProject
Project("{D954291E-2A0B-460D-934E-DC6B0785DB48}") = "_Helper - Block Orientation Predicate", "Libraries\Block Orientation Predicate\_Helper - Block Orientation Predicate.shproj", "{EED1E4AC-D5CA-447A-BF3C-34C0E9B961FE}"
EndProject
Project("{D954291E-2A0B-460D-934E-DC6B0785DB48}") = "_Helper - Direction", "Libraries\Direction\_Helper - Direction.shproj", "{7E912F4A-7C61-4AEA-82E1-259FE4357B0B}"
EndProject
Project("{D954291E-2A0B-460D-934E-DC6B0785DB48}") = "_Library - Common", "Libraries\Common\_Library - Common.shproj", "{C96CFE92-41D3-47DF-8A4A-C17A71C8E459}"
EndProject
Global
	GlobalSection(SharedMSBuildProjectFiles) = preSolution
		Libraries\Block Orientation Predicate\_Helper - Block Orientation Predicate.projitems*{503d7de1-28c9-468f-8cd8-4bec3ea05a64}*SharedItemsImports = 4
		Libraries\Common\_Library - Common.projitems*{503d7de1-28c9-468f-8cd8-4bec3ea05a64}*SharedItemsImports = 4
		Libraries\Direction\_Helper - Direction.projitems*{503d7de1-28c9-468f-8cd8-4bec3ea05a64}*SharedItemsImports = 4
		Libraries\Thrusters\_Helper - Thrusters.projitems*{503d7de1-28c9-468f-8cd8-4bec3ea05a64}*SharedItemsImports = 4
		Modules\Custom Data Config\_Module - Custom Data Config.projitems*{503d7de1-28c9-468f-8cd8-4bec3ea05a64}*SharedItemsImports = 4
		Libraries\Direction\_Helper - Direction.projitems*{7e912f4a-7c61-4aea-82e1-259fe4357b0b}*SharedItemsImports = 13
		Libraries\Thrusters\_Helper - Thrusters.projitems*{b924ba87-9a65-42f6-a761-bb86c9d713fa}*SharedItemsImports = 13
		Libraries\Common\_Library - Common.projitems*{c96cfe92-41d3-47df-8a4a-c17a71c8e459}*SharedItemsImports = 13
		Modules\Custom Data Config\_Module - Custom Data Config.projitems*{dd940528-1a03-4ab3-9504-3aa93571e5ec}*SharedItemsImports = 13
		Libraries\Block Orientation Predicate\_Helper - Block Orientation Predicate.projitems*{eed1e4ac-d5ca-447a-bf3c-34c0e9b961fe}*SharedItemsImports = 13
	EndGlobalSection
	GlobalSection(SolutionConfigurationPlatforms) = preSolution
		Debug|x64 = Debug|x64
	EndGlobalSection
	GlobalSection(ProjectConfigurationPlatforms) = postSolution
		{503D7DE1-28C9-468F-8CD8-4BEC3EA05A64}.Debug|x64.ActiveCfg = Debug|x64
		{503D7DE1-28C9-468F-8CD8-4BEC3EA05A64}.Debug|x64.Build.0 = Debug|x64
	EndGlobalSection
	GlobalSection(SolutionProperties) = preSolution
		HideSolutionNode = FALSE
	EndGlobalSection
	GlobalSection(ExtensibilityGlobals) = postSolution
		SolutionGuid = {D1DD794E-D9D5-4715-95D4-4E12FBC6BAA5}
	EndGlobalSection
EndGlobal
